{
  "object": {
    "pins": [
      {
        "package": "Version",
        "repositoryURL": "https://github.com/mxcl/Version.git",
        "state": {
          "branch": null,
          "revision": "200046c93f6d5d78a6d72bfd9c0b27a95e9c0a2b",
          "version": "1.2.0"
        }
      }
    ]
  },
  "version": 1
}
